
Microsoft Visual Studio Solution File, Format Version 12.00
# Visual Studio Version 16
VisualStudioVersion = 16.0.29123.88
MinimumVisualStudioVersion = 10.0.40219.1
Project("{FAE04EC0-301F-11D3-BF4B-00C04F79EFBC}") = "DemoTask_GridSerialization", "DemoTask_GridSerialization\DemoTask_GridSerialization.csproj", "{3C8FBA1A-5A6F-4FAF-A90F-AB8D1CB99158}"
EndProject
Global
	GlobalSection(SolutionConfigurationPlatforms) = preSolution
		Debug|Any CPU = Debug|Any CPU
		Release|Any CPU = Release|Any CPU
	EndGlobalSection
	GlobalSection(ProjectConfigurationPlatforms) = postSolution
		{3C8FBA1A-5A6F-4FAF-A90F-AB8D1CB99158}.Debug|Any CPU.ActiveCfg = Debug|Any CPU
		{3C8FBA1A-5A6F-4FAF-A90F-AB8D1CB99158}.Debug|Any CPU.Build.0 = Debug|Any CPU
		{3C8FBA1A-5A6F-4FAF-A90F-AB8D1CB99158}.Release|Any CPU.ActiveCfg = Release|Any CPU
		{3C8FBA1A-5A6F-4FAF-A90F-AB8D1CB99158}.Release|Any CPU.Build.0 = Release|Any CPU
	EndGlobalSection
	GlobalSection(SolutionProperties) = preSolution
		HideSolutionNode = FALSE
	EndGlobalSection
	GlobalSection(ExtensibilityGlobals) = postSolution
		SolutionGuid = {60F1921B-3CE3-4EA8-AB66-4CF8ED435C40}
	EndGlobalSection
EndGlobal
